// !$*UTF8*$!
{
	archiveVersion = 1;
	classes = {
	};
	objectVersion = 48;
	objects = {

/* Begin PBXBuildFile section */
		1FC4090D3C1E4CE261D3521C /* Pods_Write_Tests.framework in Frameworks */ = {isa = PBXBuildFile; fileRef = 9FFF897962AC7A548BB40851 /* Pods_Write_Tests.framework */; };
		2A1E77371F384BFC006C84D4 /* AppDelegate.swift in Sources */ = {isa = PBXBuildFile; fileRef = 2A1E77361F384BFC006C84D4 /* AppDelegate.swift */; };
		2A1E773E1F384BFD006C84D4 /* Assets.xcassets in Resources */ = {isa = PBXBuildFile; fileRef = 2A1E773D1F384BFD006C84D4 /* Assets.xcassets */; };
		2A1E77411F384BFD006C84D4 /* LaunchScreen.storyboard in Resources */ = {isa = PBXBuildFile; fileRef = 2A1E773F1F384BFD006C84D4 /* LaunchScreen.storyboard */; };
		553FC23C214047CB001D9362 /* R.generated.swift in Sources */ = {isa = PBXBuildFile; fileRef = 553FC23B214047CB001D9362 /* R.generated.swift */; };
		5FD6BF9ED0800CD4DAC75171 /* Pods_Write_.framework in Frameworks */ = {isa = PBXBuildFile; fileRef = 5DD4ED6A7A58877524A9759C /* Pods_Write_.framework */; };
		C90395241FC622D2006F1DC0 /* main.swift in Sources */ = {isa = PBXBuildFile; fileRef = C90395231FC622D2006F1DC0 /* main.swift */; };
		C90395261FC62399006F1DC0 /* TestsAppDelegate.swift in Sources */ = {isa = PBXBuildFile; fileRef = C90395251FC62399006F1DC0 /* TestsAppDelegate.swift */; };
		C90395271FC62425006F1DC0 /* TestsAppDelegate.swift in Sources */ = {isa = PBXBuildFile; fileRef = C90395251FC62399006F1DC0 /* TestsAppDelegate.swift */; };
		F83863722437D1B6007EC6AB /* GridFlowLayout.swift in Sources */ = {isa = PBXBuildFile; fileRef = F83863712437D1B6007EC6AB /* GridFlowLayout.swift */; };
		F84EAF3823D34D3500C193E3 /* LogoImageView.swift in Sources */ = {isa = PBXBuildFile; fileRef = F84EAF3723D34D3500C193E3 /* LogoImageView.swift */; };
		F85FD8BE23F0056E0025EBAB /* DocumentsViewModel.swift in Sources */ = {isa = PBXBuildFile; fileRef = F85FD8BD23F0056E0025EBAB /* DocumentsViewModel.swift */; };
		F85FD8C223F006B50025EBAB /* DocumentsAssembly.swift in Sources */ = {isa = PBXBuildFile; fileRef = F85FD8C123F006B50025EBAB /* DocumentsAssembly.swift */; };
		F85FD8C523F00F560025EBAB /* DocumentCell.swift in Sources */ = {isa = PBXBuildFile; fileRef = F85FD8C323F00F560025EBAB /* DocumentCell.swift */; };
		F85FD8C623F00F560025EBAB /* DocumentCell.xib in Resources */ = {isa = PBXBuildFile; fileRef = F85FD8C423F00F560025EBAB /* DocumentCell.xib */; };
		F85FD8CB23F00F930025EBAB /* NewDocumentCell.swift in Sources */ = {isa = PBXBuildFile; fileRef = F85FD8C923F00F930025EBAB /* NewDocumentCell.swift */; };
		F85FD8CC23F00F930025EBAB /* NewDocumentCell.xib in Resources */ = {isa = PBXBuildFile; fileRef = F85FD8CA23F00F930025EBAB /* NewDocumentCell.xib */; };
		F85FD8D023F00FB70025EBAB /* DocumentPlaceholderCell.swift in Sources */ = {isa = PBXBuildFile; fileRef = F85FD8CE23F00FB70025EBAB /* DocumentPlaceholderCell.swift */; };
		F85FD8D123F00FB70025EBAB /* DocumentPlaceholderCell.xib in Resources */ = {isa = PBXBuildFile; fileRef = F85FD8CF23F00FB70025EBAB /* DocumentPlaceholderCell.xib */; };
		F85FD8EF23F688DD0025EBAB /* PlayfairDisplay-BoldItalic.ttf in Resources */ = {isa = PBXBuildFile; fileRef = F85FD8EB23F688DD0025EBAB /* PlayfairDisplay-BoldItalic.ttf */; };
		F85FD8F023F688DD0025EBAB /* PlayfairDisplay-Regular.ttf in Resources */ = {isa = PBXBuildFile; fileRef = F85FD8EC23F688DD0025EBAB /* PlayfairDisplay-Regular.ttf */; };
		F85FD8F123F688DD0025EBAB /* PlayfairDisplay-Italic.ttf in Resources */ = {isa = PBXBuildFile; fileRef = F85FD8ED23F688DD0025EBAB /* PlayfairDisplay-Italic.ttf */; };
		F85FD8F223F688DD0025EBAB /* PlayfairDisplay-Bold.ttf in Resources */ = {isa = PBXBuildFile; fileRef = F85FD8EE23F688DD0025EBAB /* PlayfairDisplay-Bold.ttf */; };
		F8877DEA23D317720038AC88 /* UIColor+colors.swift in Sources */ = {isa = PBXBuildFile; fileRef = F8877DE923D317720038AC88 /* UIColor+colors.swift */; };
		F88E9513243A58600001C641 /* UICollectionView+Register.swift in Sources */ = {isa = PBXBuildFile; fileRef = F88E9512243A58600001C641 /* UICollectionView+Register.swift */; };
		F897542E240A87EC00FE7FDD /* Document.swift in Sources */ = {isa = PBXBuildFile; fileRef = F897542D240A87EC00FE7FDD /* Document.swift */; };
		F8CFA759242FADA800C717C5 /* ReuseIdentifiable.swift in Sources */ = {isa = PBXBuildFile; fileRef = F8CFA758242FADA800C717C5 /* ReuseIdentifiable.swift */; };
		F8E095A92392CE7400D1C307 /* Coordinator.swift in Sources */ = {isa = PBXBuildFile; fileRef = F8E095A82392CE7400D1C307 /* Coordinator.swift */; };
		F8E095AB2392CF9500D1C307 /* Storyboarded.swift in Sources */ = {isa = PBXBuildFile; fileRef = F8E095AA2392CF9500D1C307 /* Storyboarded.swift */; };
		F8E095AD2392D1C200D1C307 /* Application+Extensions.swift in Sources */ = {isa = PBXBuildFile; fileRef = F8E095AC2392D1C200D1C307 /* Application+Extensions.swift */; };
		F8E095AF2392D26300D1C307 /* MainTabBarController.swift in Sources */ = {isa = PBXBuildFile; fileRef = F8E095AE2392D26300D1C307 /* MainTabBarController.swift */; };
		F8E095B92392DCEF00D1C307 /* DocumentsViewController.swift in Sources */ = {isa = PBXBuildFile; fileRef = F8E095B82392DCEF00D1C307 /* DocumentsViewController.swift */; };
		F8E095BB2392DD2A00D1C307 /* DocumentsCoordinator.swift in Sources */ = {isa = PBXBuildFile; fileRef = F8E095BA2392DD2A00D1C307 /* DocumentsCoordinator.swift */; };
		F8E2606723D333EB0080D45B /* DocumentsViewController.storyboard in Resources */ = {isa = PBXBuildFile; fileRef = F8E2606623D333EB0080D45B /* DocumentsViewController.storyboard */; };
		F8F1298E2435198400BE5970 /* DocumentItem.swift in Sources */ = {isa = PBXBuildFile; fileRef = F8F1298D2435198400BE5970 /* DocumentItem.swift */; };
		FCB2C7CB1F57127800481080 /* Localizable.strings in Resources */ = {isa = PBXBuildFile; fileRef = FCB2C7CA1F57127800481080 /* Localizable.strings */; };
/* End PBXBuildFile section */

/* Begin PBXContainerItemProxy section */
		2A1E77481F384BFD006C84D4 /* PBXContainerItemProxy */ = {
			isa = PBXContainerItemProxy;
			containerPortal = 2A1E772B1F384BFC006C84D4 /* Project object */;
			proxyType = 1;
			remoteGlobalIDString = 2A1E77321F384BFC006C84D4;
			remoteInfo = Write_;
		};
/* End PBXContainerItemProxy section */

/* Begin PBXFileReference section */
		0B98A5500BC5CA7008619B29 /* Pods-Write_.debug.xcconfig */ = {isa = PBXFileReference; includeInIndex = 1; lastKnownFileType = text.xcconfig; name = "Pods-Write_.debug.xcconfig"; path = "Pods/Target Support Files/Pods-Write_/Pods-Write_.debug.xcconfig"; sourceTree = "<group>"; };
		0DE4FCB75E8FF80FC8745BD3 /* Pods-Write_.release.xcconfig */ = {isa = PBXFileReference; includeInIndex = 1; lastKnownFileType = text.xcconfig; name = "Pods-Write_.release.xcconfig"; path = "Pods/Target Support Files/Pods-Write_/Pods-Write_.release.xcconfig"; sourceTree = "<group>"; };
		2A1E77331F384BFC006C84D4 /* Write.app */ = {isa = PBXFileReference; explicitFileType = wrapper.application; includeInIndex = 0; path = Write.app; sourceTree = BUILT_PRODUCTS_DIR; };
		2A1E77361F384BFC006C84D4 /* AppDelegate.swift */ = {isa = PBXFileReference; lastKnownFileType = sourcecode.swift; path = AppDelegate.swift; sourceTree = "<group>"; };
		2A1E773D1F384BFD006C84D4 /* Assets.xcassets */ = {isa = PBXFileReference; lastKnownFileType = folder.assetcatalog; path = Assets.xcassets; sourceTree = "<group>"; };
		2A1E77401F384BFD006C84D4 /* Base */ = {isa = PBXFileReference; lastKnownFileType = file.storyboard; name = Base; path = Base.lproj/LaunchScreen.storyboard; sourceTree = "<group>"; };
		2A1E77421F384BFD006C84D4 /* Info.plist */ = {isa = PBXFileReference; lastKnownFileType = text.plist.xml; path = Info.plist; sourceTree = "<group>"; };
		2A1E77471F384BFD006C84D4 /* Write_Tests.xctest */ = {isa = PBXFileReference; explicitFileType = wrapper.cfbundle; includeInIndex = 0; path = Write_Tests.xctest; sourceTree = BUILT_PRODUCTS_DIR; };
		2A1E774D1F384BFD006C84D4 /* Info.plist */ = {isa = PBXFileReference; lastKnownFileType = text.plist.xml; path = Info.plist; sourceTree = "<group>"; };
		2A9222841F387B1D00A648E6 /* Write_Tests-Bridging-Header.h */ = {isa = PBXFileReference; lastKnownFileType = sourcecode.c.h; path = "Write_Tests-Bridging-Header.h"; sourceTree = "<group>"; };
		4E5AACD13F9DB0BEEE388592 /* Pods-Write_.staging.xcconfig */ = {isa = PBXFileReference; includeInIndex = 1; lastKnownFileType = text.xcconfig; name = "Pods-Write_.staging.xcconfig"; path = "Pods/Target Support Files/Pods-Write_/Pods-Write_.staging.xcconfig"; sourceTree = "<group>"; };
		553FC23B214047CB001D9362 /* R.generated.swift */ = {isa = PBXFileReference; lastKnownFileType = sourcecode.swift; path = R.generated.swift; sourceTree = "<group>"; };
		55F50BE321404BDD00FAC039 /* Readme.md */ = {isa = PBXFileReference; fileEncoding = 4; lastKnownFileType = net.daringfireball.markdown; path = Readme.md; sourceTree = "<group>"; };
		5DD4ED6A7A58877524A9759C /* Pods_Write_.framework */ = {isa = PBXFileReference; explicitFileType = wrapper.framework; includeInIndex = 0; path = Pods_Write_.framework; sourceTree = BUILT_PRODUCTS_DIR; };
		9EEABC98013063C2AD19962D /* Pods-Write_Tests.release.xcconfig */ = {isa = PBXFileReference; includeInIndex = 1; lastKnownFileType = text.xcconfig; name = "Pods-Write_Tests.release.xcconfig"; path = "Pods/Target Support Files/Pods-Write_Tests/Pods-Write_Tests.release.xcconfig"; sourceTree = "<group>"; };
		9FFF897962AC7A548BB40851 /* Pods_Write_Tests.framework */ = {isa = PBXFileReference; explicitFileType = wrapper.framework; includeInIndex = 0; path = Pods_Write_Tests.framework; sourceTree = BUILT_PRODUCTS_DIR; };
		C90395231FC622D2006F1DC0 /* main.swift */ = {isa = PBXFileReference; lastKnownFileType = sourcecode.swift; path = main.swift; sourceTree = "<group>"; };
		C90395251FC62399006F1DC0 /* TestsAppDelegate.swift */ = {isa = PBXFileReference; lastKnownFileType = sourcecode.swift; path = TestsAppDelegate.swift; sourceTree = "<group>"; };
		F83863712437D1B6007EC6AB /* GridFlowLayout.swift */ = {isa = PBXFileReference; lastKnownFileType = sourcecode.swift; path = GridFlowLayout.swift; sourceTree = "<group>"; };
		F84EAF3723D34D3500C193E3 /* LogoImageView.swift */ = {isa = PBXFileReference; lastKnownFileType = sourcecode.swift; path = LogoImageView.swift; sourceTree = "<group>"; };
		F85FD8BD23F0056E0025EBAB /* DocumentsViewModel.swift */ = {isa = PBXFileReference; lastKnownFileType = sourcecode.swift; path = DocumentsViewModel.swift; sourceTree = "<group>"; };
		F85FD8C123F006B50025EBAB /* DocumentsAssembly.swift */ = {isa = PBXFileReference; lastKnownFileType = sourcecode.swift; path = DocumentsAssembly.swift; sourceTree = "<group>"; };
		F85FD8C323F00F560025EBAB /* DocumentCell.swift */ = {isa = PBXFileReference; lastKnownFileType = sourcecode.swift; path = DocumentCell.swift; sourceTree = "<group>"; };
		F85FD8C423F00F560025EBAB /* DocumentCell.xib */ = {isa = PBXFileReference; lastKnownFileType = file.xib; path = DocumentCell.xib; sourceTree = "<group>"; };
		F85FD8C923F00F930025EBAB /* NewDocumentCell.swift */ = {isa = PBXFileReference; lastKnownFileType = sourcecode.swift; path = NewDocumentCell.swift; sourceTree = "<group>"; };
		F85FD8CA23F00F930025EBAB /* NewDocumentCell.xib */ = {isa = PBXFileReference; lastKnownFileType = file.xib; path = NewDocumentCell.xib; sourceTree = "<group>"; };
		F85FD8CE23F00FB70025EBAB /* DocumentPlaceholderCell.swift */ = {isa = PBXFileReference; lastKnownFileType = sourcecode.swift; path = DocumentPlaceholderCell.swift; sourceTree = "<group>"; };
		F85FD8CF23F00FB70025EBAB /* DocumentPlaceholderCell.xib */ = {isa = PBXFileReference; lastKnownFileType = file.xib; path = DocumentPlaceholderCell.xib; sourceTree = "<group>"; };
		F85FD8EB23F688DD0025EBAB /* PlayfairDisplay-BoldItalic.ttf */ = {isa = PBXFileReference; lastKnownFileType = file; path = "PlayfairDisplay-BoldItalic.ttf"; sourceTree = "<group>"; };
		F85FD8EC23F688DD0025EBAB /* PlayfairDisplay-Regular.ttf */ = {isa = PBXFileReference; lastKnownFileType = file; path = "PlayfairDisplay-Regular.ttf"; sourceTree = "<group>"; };
		F85FD8ED23F688DD0025EBAB /* PlayfairDisplay-Italic.ttf */ = {isa = PBXFileReference; lastKnownFileType = file; path = "PlayfairDisplay-Italic.ttf"; sourceTree = "<group>"; };
		F85FD8EE23F688DD0025EBAB /* PlayfairDisplay-Bold.ttf */ = {isa = PBXFileReference; lastKnownFileType = file; path = "PlayfairDisplay-Bold.ttf"; sourceTree = "<group>"; };
		F8877DE923D317720038AC88 /* UIColor+colors.swift */ = {isa = PBXFileReference; lastKnownFileType = sourcecode.swift; path = "UIColor+colors.swift"; sourceTree = "<group>"; };
		F88E9512243A58600001C641 /* UICollectionView+Register.swift */ = {isa = PBXFileReference; lastKnownFileType = sourcecode.swift; path = "UICollectionView+Register.swift"; sourceTree = "<group>"; };
		F897542D240A87EC00FE7FDD /* Document.swift */ = {isa = PBXFileReference; lastKnownFileType = sourcecode.swift; path = Document.swift; sourceTree = "<group>"; };
		F8CFA758242FADA800C717C5 /* ReuseIdentifiable.swift */ = {isa = PBXFileReference; lastKnownFileType = sourcecode.swift; path = ReuseIdentifiable.swift; sourceTree = "<group>"; };
		F8E095A82392CE7400D1C307 /* Coordinator.swift */ = {isa = PBXFileReference; lastKnownFileType = sourcecode.swift; name = Coordinator.swift; path = Write_/Core/Protocols/Coordinator.swift; sourceTree = SOURCE_ROOT; };
		F8E095AA2392CF9500D1C307 /* Storyboarded.swift */ = {isa = PBXFileReference; lastKnownFileType = sourcecode.swift; name = Storyboarded.swift; path = Write_/Storyboarded.swift; sourceTree = SOURCE_ROOT; };
		F8E095AC2392D1C200D1C307 /* Application+Extensions.swift */ = {isa = PBXFileReference; fileEncoding = 4; lastKnownFileType = sourcecode.swift; path = "Application+Extensions.swift"; sourceTree = "<group>"; };
		F8E095AE2392D26300D1C307 /* MainTabBarController.swift */ = {isa = PBXFileReference; lastKnownFileType = sourcecode.swift; name = MainTabBarController.swift; path = Write_/Modules/Main/MainTabBarController.swift; sourceTree = SOURCE_ROOT; };
		F8E095B82392DCEF00D1C307 /* DocumentsViewController.swift */ = {isa = PBXFileReference; lastKnownFileType = sourcecode.swift; name = DocumentsViewController.swift; path = Write_/Modules/DocumentsViewController.swift; sourceTree = SOURCE_ROOT; };
		F8E095BA2392DD2A00D1C307 /* DocumentsCoordinator.swift */ = {isa = PBXFileReference; lastKnownFileType = sourcecode.swift; path = DocumentsCoordinator.swift; sourceTree = "<group>"; };
		F8E2606623D333EB0080D45B /* DocumentsViewController.storyboard */ = {isa = PBXFileReference; lastKnownFileType = file.storyboard; path = DocumentsViewController.storyboard; sourceTree = "<group>"; };
		F8F1298D2435198400BE5970 /* DocumentItem.swift */ = {isa = PBXFileReference; lastKnownFileType = sourcecode.swift; path = DocumentItem.swift; sourceTree = "<group>"; };
		F938FFAF83EDFE824B8767A0 /* Pods-Write_Tests.staging.xcconfig */ = {isa = PBXFileReference; includeInIndex = 1; lastKnownFileType = text.xcconfig; name = "Pods-Write_Tests.staging.xcconfig"; path = "Pods/Target Support Files/Pods-Write_Tests/Pods-Write_Tests.staging.xcconfig"; sourceTree = "<group>"; };
		F95AFC8F321A33D261DFEFB7 /* Pods-Write_Tests.debug.xcconfig */ = {isa = PBXFileReference; includeInIndex = 1; lastKnownFileType = text.xcconfig; name = "Pods-Write_Tests.debug.xcconfig"; path = "Pods/Target Support Files/Pods-Write_Tests/Pods-Write_Tests.debug.xcconfig"; sourceTree = "<group>"; };
		FCB2C7CA1F57127800481080 /* Localizable.strings */ = {isa = PBXFileReference; fileEncoding = 4; lastKnownFileType = text.plist.strings; path = Localizable.strings; sourceTree = "<group>"; };
/* End PBXFileReference section */

/* Begin PBXFrameworksBuildPhase section */
		2A1E77301F384BFC006C84D4 /* Frameworks */ = {
			isa = PBXFrameworksBuildPhase;
			buildActionMask = 2147483647;
			files = (
				5FD6BF9ED0800CD4DAC75171 /* Pods_Write_.framework in Frameworks */,
			);
			runOnlyForDeploymentPostprocessing = 0;
		};
		2A1E77441F384BFD006C84D4 /* Frameworks */ = {
			isa = PBXFrameworksBuildPhase;
			buildActionMask = 2147483647;
			files = (
				1FC4090D3C1E4CE261D3521C /* Pods_Write_Tests.framework in Frameworks */,
			);
			runOnlyForDeploymentPostprocessing = 0;
		};
/* End PBXFrameworksBuildPhase section */

/* Begin PBXGroup section */
		2A1DD4E21F38A09700712195 /* Launch */ = {
			isa = PBXGroup;
			children = (
				2A1E773F1F384BFD006C84D4 /* LaunchScreen.storyboard */,
			);
			path = Launch;
			sourceTree = "<group>";
		};
		2A1E772A1F384BFC006C84D4 = {
			isa = PBXGroup;
			children = (
				55F50BE321404BDD00FAC039 /* Readme.md */,
				2A1E77351F384BFC006C84D4 /* Write_ */,
				2A1E774A1F384BFD006C84D4 /* Write_Tests */,
				2A1E77341F384BFC006C84D4 /* Products */,
				2F0B6A31D25937618F104B6A /* Pods */,
				943D6C83391E93A715495D83 /* Frameworks */,
			);
			sourceTree = "<group>";
		};
		2A1E77341F384BFC006C84D4 /* Products */ = {
			isa = PBXGroup;
			children = (
				2A1E77331F384BFC006C84D4 /* Write.app */,
				2A1E77471F384BFD006C84D4 /* Write_Tests.xctest */,
			);
			name = Products;
			sourceTree = "<group>";
		};
		2A1E77351F384BFC006C84D4 /* Write_ */ = {
			isa = PBXGroup;
			children = (
				2AFB310A1F385A20009C4586 /* Core */,
				2AB31D9E1F38740A00B7D1F3 /* Models */,
				2AB31D9F1F38741400B7D1F3 /* Modules */,
				2AFB31021F3853C6009C4586 /* Resources */,
				2AFB31071F38542E009C4586 /* SupportingFiles */,
				C90395231FC622D2006F1DC0 /* main.swift */,
				2A1E77361F384BFC006C84D4 /* AppDelegate.swift */,
			);
			path = Write_;
			sourceTree = "<group>";
		};
		2A1E774A1F384BFD006C84D4 /* Write_Tests */ = {
			isa = PBXGroup;
			children = (
				2A9222841F387B1D00A648E6 /* Write_Tests-Bridging-Header.h */,
				2A1E774D1F384BFD006C84D4 /* Info.plist */,
				C90395251FC62399006F1DC0 /* TestsAppDelegate.swift */,
			);
			path = Write_Tests;
			sourceTree = "<group>";
		};
		2AB31D9E1F38740A00B7D1F3 /* Models */ = {
			isa = PBXGroup;
			children = (
				F897542D240A87EC00FE7FDD /* Document.swift */,
			);
			path = Models;
			sourceTree = "<group>";
		};
		2AB31D9F1F38741400B7D1F3 /* Modules */ = {
			isa = PBXGroup;
			children = (
				F8E095B62392DCD200D1C307 /* Documents */,
				F8E0959E2392765800D1C307 /* Main */,
				2A1DD4E21F38A09700712195 /* Launch */,
			);
			path = Modules;
			sourceTree = "<group>";
		};
		2AB31DA01F38742400B7D1F3 /* Fonts */ = {
			isa = PBXGroup;
			children = (
				F85FD8EE23F688DD0025EBAB /* PlayfairDisplay-Bold.ttf */,
				F85FD8EB23F688DD0025EBAB /* PlayfairDisplay-BoldItalic.ttf */,
				F85FD8ED23F688DD0025EBAB /* PlayfairDisplay-Italic.ttf */,
				F85FD8EC23F688DD0025EBAB /* PlayfairDisplay-Regular.ttf */,
			);
			path = Fonts;
			sourceTree = "<group>";
		};
		2AB31DA11F38742A00B7D1F3 /* Translations */ = {
			isa = PBXGroup;
			children = (
				FCB2C7CA1F57127800481080 /* Localizable.strings */,
			);
			path = Translations;
			sourceTree = "<group>";
		};
		2AB31DA21F38744600B7D1F3 /* Protocols */ = {
			isa = PBXGroup;
			children = (
				F8E095A82392CE7400D1C307 /* Coordinator.swift */,
				F8E095AA2392CF9500D1C307 /* Storyboarded.swift */,
				F8CFA758242FADA800C717C5 /* ReuseIdentifiable.swift */,
			);
			path = Protocols;
			sourceTree = "<group>";
		};
		2AB31DA31F38744C00B7D1F3 /* Utilities */ = {
			isa = PBXGroup;
			children = (
			);
			path = Utilities;
			sourceTree = "<group>";
		};
		2AB31DA41F38745300B7D1F3 /* Extensions */ = {
			isa = PBXGroup;
			children = (
				F8877DE923D317720038AC88 /* UIColor+colors.swift */,
				F8E095AC2392D1C200D1C307 /* Application+Extensions.swift */,
				F88E9512243A58600001C641 /* UICollectionView+Register.swift */,
			);
			path = Extensions;
			sourceTree = "<group>";
		};
		2AFB31021F3853C6009C4586 /* Resources */ = {
			isa = PBXGroup;
			children = (
				553FC239214046D0001D9362 /* Generated */,
				2AB31DA11F38742A00B7D1F3 /* Translations */,
				2AB31DA01F38742400B7D1F3 /* Fonts */,
				2AFB31031F3853D9009C4586 /* Images */,
			);
			path = Resources;
			sourceTree = "<group>";
		};
		2AFB31031F3853D9009C4586 /* Images */ = {
			isa = PBXGroup;
			children = (
				2A1E773D1F384BFD006C84D4 /* Assets.xcassets */,
			);
			path = Images;
			sourceTree = "<group>";
		};
		2AFB31071F38542E009C4586 /* SupportingFiles */ = {
			isa = PBXGroup;
			children = (
				2A1E77421F384BFD006C84D4 /* Info.plist */,
			);
			path = SupportingFiles;
			sourceTree = "<group>";
		};
		2AFB310A1F385A20009C4586 /* Core */ = {
			isa = PBXGroup;
			children = (
				F89418DD242F468B0048C1A7 /* Reusable Views */,
				F8E095A72392B6B300D1C307 /* Base */,
				2AB31DA21F38744600B7D1F3 /* Protocols */,
				2AB31DA41F38745300B7D1F3 /* Extensions */,
				2AB31DA31F38744C00B7D1F3 /* Utilities */,
			);
			path = Core;
			sourceTree = "<group>";
		};
		2F0B6A31D25937618F104B6A /* Pods */ = {
			isa = PBXGroup;
			children = (
				0B98A5500BC5CA7008619B29 /* Pods-Write_.debug.xcconfig */,
				4E5AACD13F9DB0BEEE388592 /* Pods-Write_.staging.xcconfig */,
				0DE4FCB75E8FF80FC8745BD3 /* Pods-Write_.release.xcconfig */,
				F95AFC8F321A33D261DFEFB7 /* Pods-Write_Tests.debug.xcconfig */,
				F938FFAF83EDFE824B8767A0 /* Pods-Write_Tests.staging.xcconfig */,
				9EEABC98013063C2AD19962D /* Pods-Write_Tests.release.xcconfig */,
			);
			name = Pods;
			sourceTree = "<group>";
		};
		553FC239214046D0001D9362 /* Generated */ = {
			isa = PBXGroup;
			children = (
				553FC23B214047CB001D9362 /* R.generated.swift */,
			);
			path = Generated;
			sourceTree = "<group>";
		};
		943D6C83391E93A715495D83 /* Frameworks */ = {
			isa = PBXGroup;
			children = (
				5DD4ED6A7A58877524A9759C /* Pods_Write_.framework */,
				9FFF897962AC7A548BB40851 /* Pods_Write_Tests.framework */,
			);
			name = Frameworks;
			sourceTree = "<group>";
		};
		F85FD8C723F00F5C0025EBAB /* Cell */ = {
			isa = PBXGroup;
			children = (
				F85FD8C823F00F720025EBAB /* Document */,
				F85FD8CD23F00F980025EBAB /* New Document */,
				F85FD8D223F00FBF0025EBAB /* Document Placeholder */,
			);
			path = Cell;
			sourceTree = "<group>";
		};
		F85FD8C823F00F720025EBAB /* Document */ = {
			isa = PBXGroup;
			children = (
				F85FD8C323F00F560025EBAB /* DocumentCell.swift */,
				F85FD8C423F00F560025EBAB /* DocumentCell.xib */,
			);
			path = Document;
			sourceTree = "<group>";
		};
		F85FD8CD23F00F980025EBAB /* New Document */ = {
			isa = PBXGroup;
			children = (
				F85FD8C923F00F930025EBAB /* NewDocumentCell.swift */,
				F85FD8CA23F00F930025EBAB /* NewDocumentCell.xib */,
			);
			path = "New Document";
			sourceTree = "<group>";
		};
		F85FD8D223F00FBF0025EBAB /* Document Placeholder */ = {
			isa = PBXGroup;
			children = (
				F85FD8CE23F00FB70025EBAB /* DocumentPlaceholderCell.swift */,
				F85FD8CF23F00FB70025EBAB /* DocumentPlaceholderCell.xib */,
			);
			path = "Document Placeholder";
			sourceTree = "<group>";
		};
		F89418DD242F468B0048C1A7 /* Reusable Views */ = {
			isa = PBXGroup;
			children = (
				F84EAF3723D34D3500C193E3 /* LogoImageView.swift */,
			);
			path = "Reusable Views";
			sourceTree = "<group>";
		};
		F8E0959E2392765800D1C307 /* Main */ = {
			isa = PBXGroup;
			children = (
				F8E095AE2392D26300D1C307 /* MainTabBarController.swift */,
			);
			path = Main;
			sourceTree = "<group>";
		};
		F8E095A72392B6B300D1C307 /* Base */ = {
			isa = PBXGroup;
			children = (
			);
			path = Base;
			sourceTree = "<group>";
		};
		F8E095B62392DCD200D1C307 /* Documents */ = {
			isa = PBXGroup;
			children = (
				F8F1298C2435196B00BE5970 /* ViewModel */,
				F8E095B72392DCDB00D1C307 /* View */,
				F8E095BA2392DD2A00D1C307 /* DocumentsCoordinator.swift */,
				F85FD8C123F006B50025EBAB /* DocumentsAssembly.swift */,
			);
			path = Documents;
			sourceTree = "<group>";
		};
		F8E095B72392DCDB00D1C307 /* View */ = {
			isa = PBXGroup;
			children = (
				F85FD8C723F00F5C0025EBAB /* Cell */,
				F8E095B82392DCEF00D1C307 /* DocumentsViewController.swift */,
				F83863712437D1B6007EC6AB /* GridFlowLayout.swift */,
				F8E2606623D333EB0080D45B /* DocumentsViewController.storyboard */,
			);
			path = View;
			sourceTree = "<group>";
		};
		F8F1298C2435196B00BE5970 /* ViewModel */ = {
			isa = PBXGroup;
			children = (
				F85FD8BD23F0056E0025EBAB /* DocumentsViewModel.swift */,
				F8F1298D2435198400BE5970 /* DocumentItem.swift */,
			);
			path = ViewModel;
			sourceTree = "<group>";
		};
/* End PBXGroup section */

/* Begin PBXNativeTarget section */
		2A1E77321F384BFC006C84D4 /* Write_ */ = {
			isa = PBXNativeTarget;
			buildConfigurationList = 2A1E77501F384BFD006C84D4 /* Build configuration list for PBXNativeTarget "Write_" */;
			buildPhases = (
				C7CCDA0E35CF5F4D8154553A /* [CP] Check Pods Manifest.lock */,
				553FC23A2140470C001D9362 /* R.swift */,
				F8877DE823D313970038AC88 /* SwiftFormat */,
				FC9CA61F1F83C1B700B8EB94 /* SwiftLint */,
				2A1E772F1F384BFC006C84D4 /* Sources */,
				2A1E77301F384BFC006C84D4 /* Frameworks */,
				2A1E77311F384BFC006C84D4 /* Resources */,
				4F910391D913CA69D50C7547 /* [CP] Embed Pods Frameworks */,
			);
			buildRules = (
			);
			dependencies = (
			);
			name = Write_;
			productName = Write_;
			productReference = 2A1E77331F384BFC006C84D4 /* Write.app */;
			productType = "com.apple.product-type.application";
		};
		2A1E77461F384BFD006C84D4 /* Write_Tests */ = {
			isa = PBXNativeTarget;
			buildConfigurationList = 2A1E77531F384BFD006C84D4 /* Build configuration list for PBXNativeTarget "Write_Tests" */;
			buildPhases = (
				CD6B54DB70C7248E301E99DC /* [CP] Check Pods Manifest.lock */,
				2A1E77431F384BFD006C84D4 /* Sources */,
				2A1E77441F384BFD006C84D4 /* Frameworks */,
				2A1E77451F384BFD006C84D4 /* Resources */,
				FE6A3BEFF03D148A04A9F48C /* [CP] Embed Pods Frameworks */,
			);
			buildRules = (
			);
			dependencies = (
				2A1E77491F384BFD006C84D4 /* PBXTargetDependency */,
			);
			name = Write_Tests;
			productName = Write_Tests;
			productReference = 2A1E77471F384BFD006C84D4 /* Write_Tests.xctest */;
			productType = "com.apple.product-type.bundle.unit-test";
		};
/* End PBXNativeTarget section */

/* Begin PBXProject section */
		2A1E772B1F384BFC006C84D4 /* Project object */ = {
			isa = PBXProject;
			attributes = {
				LastSwiftUpdateCheck = 0900;
				LastUpgradeCheck = 0900;
				ORGANIZATIONNAME = Personal;
				TargetAttributes = {
					2A1E77321F384BFC006C84D4 = {
						CreatedOnToolsVersion = 9.0;
						ProvisioningStyle = Automatic;
					};
					2A1E77461F384BFD006C84D4 = {
						CreatedOnToolsVersion = 9.0;
						LastSwiftMigration = 0900;
						ProvisioningStyle = Automatic;
						TestTargetID = 2A1E77321F384BFC006C84D4;
					};
				};
			};
			buildConfigurationList = 2A1E772E1F384BFC006C84D4 /* Build configuration list for PBXProject "Write_" */;
			compatibilityVersion = "Xcode 8.0";
			developmentRegion = en;
			hasScannedForEncodings = 0;
			knownRegions = (
				en,
				Base,
			);
			mainGroup = 2A1E772A1F384BFC006C84D4;
			productRefGroup = 2A1E77341F384BFC006C84D4 /* Products */;
			projectDirPath = "";
			projectRoot = "";
			targets = (
				2A1E77321F384BFC006C84D4 /* Write_ */,
				2A1E77461F384BFD006C84D4 /* Write_Tests */,
			);
		};
/* End PBXProject section */

/* Begin PBXResourcesBuildPhase section */
		2A1E77311F384BFC006C84D4 /* Resources */ = {
			isa = PBXResourcesBuildPhase;
			buildActionMask = 2147483647;
			files = (
				FCB2C7CB1F57127800481080 /* Localizable.strings in Resources */,
				F85FD8F223F688DD0025EBAB /* PlayfairDisplay-Bold.ttf in Resources */,
				F85FD8D123F00FB70025EBAB /* DocumentPlaceholderCell.xib in Resources */,
				F85FD8F023F688DD0025EBAB /* PlayfairDisplay-Regular.ttf in Resources */,
				F85FD8CC23F00F930025EBAB /* NewDocumentCell.xib in Resources */,
				F85FD8C623F00F560025EBAB /* DocumentCell.xib in Resources */,
				F85FD8F123F688DD0025EBAB /* PlayfairDisplay-Italic.ttf in Resources */,
				F85FD8EF23F688DD0025EBAB /* PlayfairDisplay-BoldItalic.ttf in Resources */,
				2A1E77411F384BFD006C84D4 /* LaunchScreen.storyboard in Resources */,
				F8E2606723D333EB0080D45B /* DocumentsViewController.storyboard in Resources */,
				2A1E773E1F384BFD006C84D4 /* Assets.xcassets in Resources */,
			);
			runOnlyForDeploymentPostprocessing = 0;
		};
		2A1E77451F384BFD006C84D4 /* Resources */ = {
			isa = PBXResourcesBuildPhase;
			buildActionMask = 2147483647;
			files = (
			);
			runOnlyForDeploymentPostprocessing = 0;
		};
/* End PBXResourcesBuildPhase section */

/* Begin PBXShellScriptBuildPhase section */
		4F910391D913CA69D50C7547 /* [CP] Embed Pods Frameworks */ = {
			isa = PBXShellScriptBuildPhase;
			buildActionMask = 2147483647;
			files = (
			);
			inputFileListPaths = (
			);
			inputPaths = (
				"${SRCROOT}/Pods/Target Support Files/Pods-Write_/Pods-Write_-frameworks.sh",
				"${BUILT_PRODUCTS_DIR}/Differentiator/Differentiator.framework",
				"${BUILT_PRODUCTS_DIR}/R.swift.Library/Rswift.framework",
				"${BUILT_PRODUCTS_DIR}/RxCocoa/RxCocoa.framework",
				"${BUILT_PRODUCTS_DIR}/RxDataSources/RxDataSources.framework",
				"${BUILT_PRODUCTS_DIR}/RxRelay/RxRelay.framework",
				"${BUILT_PRODUCTS_DIR}/RxSwift/RxSwift.framework",
			);
			name = "[CP] Embed Pods Frameworks";
			outputFileListPaths = (
			);
			outputPaths = (
				"${TARGET_BUILD_DIR}/${FRAMEWORKS_FOLDER_PATH}/Differentiator.framework",
				"${TARGET_BUILD_DIR}/${FRAMEWORKS_FOLDER_PATH}/Rswift.framework",
				"${TARGET_BUILD_DIR}/${FRAMEWORKS_FOLDER_PATH}/RxCocoa.framework",
				"${TARGET_BUILD_DIR}/${FRAMEWORKS_FOLDER_PATH}/RxDataSources.framework",
				"${TARGET_BUILD_DIR}/${FRAMEWORKS_FOLDER_PATH}/RxRelay.framework",
				"${TARGET_BUILD_DIR}/${FRAMEWORKS_FOLDER_PATH}/RxSwift.framework",
			);
			runOnlyForDeploymentPostprocessing = 0;
			shellPath = /bin/sh;
			shellScript = "\"${SRCROOT}/Pods/Target Support Files/Pods-Write_/Pods-Write_-frameworks.sh\"\n";
			showEnvVarsInLog = 0;
		};
		553FC23A2140470C001D9362 /* R.swift */ = {
			isa = PBXShellScriptBuildPhase;
			buildActionMask = 2147483647;
			files = (
			);
			inputPaths = (
				"$TEMP_DIR/rswift-lastrun",
			);
			name = R.swift;
			outputPaths = (
				$SRCROOT/Write_/Resources/Generated/R.generated.swift,
			);
			runOnlyForDeploymentPostprocessing = 0;
			shellPath = /bin/sh;
			shellScript = "\"$PODS_ROOT/R.swift/rswift\" generate \"$SRCROOT/Write_/Resources/Generated/R.generated.swift\"\n";
		};
		C7CCDA0E35CF5F4D8154553A /* [CP] Check Pods Manifest.lock */ = {
			isa = PBXShellScriptBuildPhase;
			buildActionMask = 2147483647;
			files = (
			);
			inputFileListPaths = (
			);
			inputPaths = (
				"${PODS_PODFILE_DIR_PATH}/Podfile.lock",
				"${PODS_ROOT}/Manifest.lock",
			);
			name = "[CP] Check Pods Manifest.lock";
			outputFileListPaths = (
			);
			outputPaths = (
				"$(DERIVED_FILE_DIR)/Pods-Write_-checkManifestLockResult.txt",
			);
			runOnlyForDeploymentPostprocessing = 0;
			shellPath = /bin/sh;
			shellScript = "diff \"${PODS_PODFILE_DIR_PATH}/Podfile.lock\" \"${PODS_ROOT}/Manifest.lock\" > /dev/null\nif [ $? != 0 ] ; then\n    # print error to STDERR\n    echo \"error: The sandbox is not in sync with the Podfile.lock. Run 'pod install' or update your CocoaPods installation.\" >&2\n    exit 1\nfi\n# This output is used by Xcode 'outputs' to avoid re-running this script phase.\necho \"SUCCESS\" > \"${SCRIPT_OUTPUT_FILE_0}\"\n";
			showEnvVarsInLog = 0;
		};
		CD6B54DB70C7248E301E99DC /* [CP] Check Pods Manifest.lock */ = {
			isa = PBXShellScriptBuildPhase;
			buildActionMask = 2147483647;
			files = (
			);
			inputFileListPaths = (
			);
			inputPaths = (
				"${PODS_PODFILE_DIR_PATH}/Podfile.lock",
				"${PODS_ROOT}/Manifest.lock",
			);
			name = "[CP] Check Pods Manifest.lock";
			outputFileListPaths = (
			);
			outputPaths = (
				"$(DERIVED_FILE_DIR)/Pods-Write_Tests-checkManifestLockResult.txt",
			);
			runOnlyForDeploymentPostprocessing = 0;
			shellPath = /bin/sh;
			shellScript = "diff \"${PODS_PODFILE_DIR_PATH}/Podfile.lock\" \"${PODS_ROOT}/Manifest.lock\" > /dev/null\nif [ $? != 0 ] ; then\n    # print error to STDERR\n    echo \"error: The sandbox is not in sync with the Podfile.lock. Run 'pod install' or update your CocoaPods installation.\" >&2\n    exit 1\nfi\n# This output is used by Xcode 'outputs' to avoid re-running this script phase.\necho \"SUCCESS\" > \"${SCRIPT_OUTPUT_FILE_0}\"\n";
			showEnvVarsInLog = 0;
		};
		F8877DE823D313970038AC88 /* SwiftFormat */ = {
			isa = PBXShellScriptBuildPhase;
			buildActionMask = 2147483647;
			files = (
			);
			inputFileListPaths = (
			);
			inputPaths = (
			);
			name = SwiftFormat;
			outputFileListPaths = (
			);
			outputPaths = (
			);
			runOnlyForDeploymentPostprocessing = 0;
			shellPath = /bin/sh;
			shellScript = "\"${PODS_ROOT}/SwiftFormat/CommandLineTool/swiftformat\" \"$SRCROOT\"\n";
		};
		FC9CA61F1F83C1B700B8EB94 /* SwiftLint */ = {
			isa = PBXShellScriptBuildPhase;
			buildActionMask = 2147483647;
			files = (
			);
			inputPaths = (
			);
			name = SwiftLint;
			outputPaths = (
			);
			runOnlyForDeploymentPostprocessing = 0;
			shellPath = /bin/sh;
			shellScript = "${PODS_ROOT}/SwiftLint/swiftlint\n";
		};
		FE6A3BEFF03D148A04A9F48C /* [CP] Embed Pods Frameworks */ = {
			isa = PBXShellScriptBuildPhase;
			buildActionMask = 2147483647;
			files = (
			);
			inputFileListPaths = (
			);
			inputPaths = (
				"${SRCROOT}/Pods/Target Support Files/Pods-Write_Tests/Pods-Write_Tests-frameworks.sh",
				"${BUILT_PRODUCTS_DIR}/RxSwift/RxSwift.framework",
				"${BUILT_PRODUCTS_DIR}/RxBlocking/RxBlocking.framework",
				"${BUILT_PRODUCTS_DIR}/RxTest/RxTest.framework",
			);
			name = "[CP] Embed Pods Frameworks";
			outputFileListPaths = (
			);
			outputPaths = (
				"${TARGET_BUILD_DIR}/${FRAMEWORKS_FOLDER_PATH}/RxSwift.framework",
				"${TARGET_BUILD_DIR}/${FRAMEWORKS_FOLDER_PATH}/RxBlocking.framework",
				"${TARGET_BUILD_DIR}/${FRAMEWORKS_FOLDER_PATH}/RxTest.framework",
			);
			runOnlyForDeploymentPostprocessing = 0;
			shellPath = /bin/sh;
			shellScript = "\"${SRCROOT}/Pods/Target Support Files/Pods-Write_Tests/Pods-Write_Tests-frameworks.sh\"\n";
			showEnvVarsInLog = 0;
		};
/* End PBXShellScriptBuildPhase section */

/* Begin PBXSourcesBuildPhase section */
		2A1E772F1F384BFC006C84D4 /* Sources */ = {
			isa = PBXSourcesBuildPhase;
			buildActionMask = 2147483647;
			files = (
				F8E095AB2392CF9500D1C307 /* Storyboarded.swift in Sources */,
				F88E9513243A58600001C641 /* UICollectionView+Register.swift in Sources */,
				F8CFA759242FADA800C717C5 /* ReuseIdentifiable.swift in Sources */,
				F85FD8CB23F00F930025EBAB /* NewDocumentCell.swift in Sources */,
				F8877DEA23D317720038AC88 /* UIColor+colors.swift in Sources */,
				C90395241FC622D2006F1DC0 /* main.swift in Sources */,
				F897542E240A87EC00FE7FDD /* Document.swift in Sources */,
				F85FD8D023F00FB70025EBAB /* DocumentPlaceholderCell.swift in Sources */,
				2A1E77371F384BFC006C84D4 /* AppDelegate.swift in Sources */,
				F84EAF3823D34D3500C193E3 /* LogoImageView.swift in Sources */,
				553FC23C214047CB001D9362 /* R.generated.swift in Sources */,
				C90395271FC62425006F1DC0 /* TestsAppDelegate.swift in Sources */,
				F8E095BB2392DD2A00D1C307 /* DocumentsCoordinator.swift in Sources */,
				F85FD8C223F006B50025EBAB /* DocumentsAssembly.swift in Sources */,
				F8E095AF2392D26300D1C307 /* MainTabBarController.swift in Sources */,
				F8E095AD2392D1C200D1C307 /* Application+Extensions.swift in Sources */,
				F8F1298E2435198400BE5970 /* DocumentItem.swift in Sources */,
				F85FD8C523F00F560025EBAB /* DocumentCell.swift in Sources */,
				F8E095B92392DCEF00D1C307 /* DocumentsViewController.swift in Sources */,
				F8E095A92392CE7400D1C307 /* Coordinator.swift in Sources */,
				F85FD8BE23F0056E0025EBAB /* DocumentsViewModel.swift in Sources */,
				F83863722437D1B6007EC6AB /* GridFlowLayout.swift in Sources */,
			);
			runOnlyForDeploymentPostprocessing = 0;
		};
		2A1E77431F384BFD006C84D4 /* Sources */ = {
			isa = PBXSourcesBuildPhase;
			buildActionMask = 2147483647;
			files = (
				C90395261FC62399006F1DC0 /* TestsAppDelegate.swift in Sources */,
			);
			runOnlyForDeploymentPostprocessing = 0;
		};
/* End PBXSourcesBuildPhase section */

/* Begin PBXTargetDependency section */
		2A1E77491F384BFD006C84D4 /* PBXTargetDependency */ = {
			isa = PBXTargetDependency;
			target = 2A1E77321F384BFC006C84D4 /* Write_ */;
			targetProxy = 2A1E77481F384BFD006C84D4 /* PBXContainerItemProxy */;
		};
/* End PBXTargetDependency section */

/* Begin PBXVariantGroup section */
		2A1E773F1F384BFD006C84D4 /* LaunchScreen.storyboard */ = {
			isa = PBXVariantGroup;
			children = (
				2A1E77401F384BFD006C84D4 /* Base */,
			);
			name = LaunchScreen.storyboard;
			sourceTree = "<group>";
		};
/* End PBXVariantGroup section */

/* Begin XCBuildConfiguration section */
		2A1E774E1F384BFD006C84D4 /* Debug */ = {
			isa = XCBuildConfiguration;
			buildSettings = {
				ALWAYS_SEARCH_USER_PATHS = NO;
				CLANG_ANALYZER_NONNULL = YES;
				CLANG_ANALYZER_NUMBER_OBJECT_CONVERSION = YES_AGGRESSIVE;
				CLANG_CXX_LANGUAGE_STANDARD = "gnu++14";
				CLANG_CXX_LIBRARY = "libc++";
				CLANG_ENABLE_MODULES = YES;
				CLANG_ENABLE_OBJC_ARC = YES;
				CLANG_WARN_BLOCK_CAPTURE_AUTORELEASING = YES;
				CLANG_WARN_BOOL_CONVERSION = YES;
				CLANG_WARN_COMMA = YES;
				CLANG_WARN_CONSTANT_CONVERSION = YES;
				CLANG_WARN_DEPRECATED_OBJC_IMPLEMENTATIONS = YES;
				CLANG_WARN_DIRECT_OBJC_ISA_USAGE = YES_ERROR;
				CLANG_WARN_DOCUMENTATION_COMMENTS = YES;
				CLANG_WARN_EMPTY_BODY = YES;
				CLANG_WARN_ENUM_CONVERSION = YES;
				CLANG_WARN_INFINITE_RECURSION = YES;
				CLANG_WARN_INT_CONVERSION = YES;
				CLANG_WARN_NON_LITERAL_NULL_CONVERSION = YES;
				CLANG_WARN_OBJC_IMPLICIT_RETAIN_SELF = YES;
				CLANG_WARN_OBJC_LITERAL_CONVERSION = YES;
				CLANG_WARN_OBJC_ROOT_CLASS = YES_ERROR;
				CLANG_WARN_RANGE_LOOP_ANALYSIS = YES;
				CLANG_WARN_STRICT_PROTOTYPES = YES;
				CLANG_WARN_SUSPICIOUS_MOVE = YES;
				CLANG_WARN_UNGUARDED_AVAILABILITY = YES_AGGRESSIVE;
				CLANG_WARN_UNREACHABLE_CODE = YES;
				CLANG_WARN__DUPLICATE_METHOD_MATCH = YES;
				CODE_SIGN_IDENTITY = "iPhone Developer";
				COPY_PHASE_STRIP = NO;
				DEBUG_INFORMATION_FORMAT = dwarf;
				ENABLE_STRICT_OBJC_MSGSEND = YES;
				ENABLE_TESTABILITY = YES;
				GCC_C_LANGUAGE_STANDARD = gnu11;
				GCC_DYNAMIC_NO_PIC = NO;
				GCC_NO_COMMON_BLOCKS = YES;
				GCC_OPTIMIZATION_LEVEL = 0;
				GCC_PREPROCESSOR_DEFINITIONS = (
					"DEBUG=1",
					"$(inherited)",
				);
				GCC_WARN_64_TO_32_BIT_CONVERSION = YES;
				GCC_WARN_ABOUT_RETURN_TYPE = YES_ERROR;
				GCC_WARN_UNDECLARED_SELECTOR = YES;
				GCC_WARN_UNINITIALIZED_AUTOS = YES_AGGRESSIVE;
				GCC_WARN_UNUSED_FUNCTION = YES;
				GCC_WARN_UNUSED_VARIABLE = YES;
				IPHONEOS_DEPLOYMENT_TARGET = 10.0;
				MTL_ENABLE_DEBUG_INFO = YES;
				ONLY_ACTIVE_ARCH = YES;
				SDKROOT = iphoneos;
				SWIFT_ACTIVE_COMPILATION_CONDITIONS = DEBUG;
				SWIFT_OPTIMIZATION_LEVEL = "-Onone";
				SWIFT_VERSION = 5.0;
				TARGETED_DEVICE_FAMILY = "1,2";
			};
			name = Debug;
		};
		2A1E774F1F384BFD006C84D4 /* Release */ = {
			isa = XCBuildConfiguration;
			buildSettings = {
				ALWAYS_SEARCH_USER_PATHS = NO;
				CLANG_ANALYZER_NONNULL = YES;
				CLANG_ANALYZER_NUMBER_OBJECT_CONVERSION = YES_AGGRESSIVE;
				CLANG_CXX_LANGUAGE_STANDARD = "gnu++14";
				CLANG_CXX_LIBRARY = "libc++";
				CLANG_ENABLE_MODULES = YES;
				CLANG_ENABLE_OBJC_ARC = YES;
				CLANG_WARN_BLOCK_CAPTURE_AUTORELEASING = YES;
				CLANG_WARN_BOOL_CONVERSION = YES;
				CLANG_WARN_COMMA = YES;
				CLANG_WARN_CONSTANT_CONVERSION = YES;
				CLANG_WARN_DEPRECATED_OBJC_IMPLEMENTATIONS = YES;
				CLANG_WARN_DIRECT_OBJC_ISA_USAGE = YES_ERROR;
				CLANG_WARN_DOCUMENTATION_COMMENTS = YES;
				CLANG_WARN_EMPTY_BODY = YES;
				CLANG_WARN_ENUM_CONVERSION = YES;
				CLANG_WARN_INFINITE_RECURSION = YES;
				CLANG_WARN_INT_CONVERSION = YES;
				CLANG_WARN_NON_LITERAL_NULL_CONVERSION = YES;
				CLANG_WARN_OBJC_IMPLICIT_RETAIN_SELF = YES;
				CLANG_WARN_OBJC_LITERAL_CONVERSION = YES;
				CLANG_WARN_OBJC_ROOT_CLASS = YES_ERROR;
				CLANG_WARN_RANGE_LOOP_ANALYSIS = YES;
				CLANG_WARN_STRICT_PROTOTYPES = YES;
				CLANG_WARN_SUSPICIOUS_MOVE = YES;
				CLANG_WARN_UNGUARDED_AVAILABILITY = YES_AGGRESSIVE;
				CLANG_WARN_UNREACHABLE_CODE = YES;
				CLANG_WARN__DUPLICATE_METHOD_MATCH = YES;
				CODE_SIGN_IDENTITY = "iPhone Developer";
				COPY_PHASE_STRIP = NO;
				DEBUG_INFORMATION_FORMAT = "dwarf-with-dsym";
				ENABLE_NS_ASSERTIONS = NO;
				ENABLE_STRICT_OBJC_MSGSEND = YES;
				GCC_C_LANGUAGE_STANDARD = gnu11;
				GCC_NO_COMMON_BLOCKS = YES;
				GCC_WARN_64_TO_32_BIT_CONVERSION = YES;
				GCC_WARN_ABOUT_RETURN_TYPE = YES_ERROR;
				GCC_WARN_UNDECLARED_SELECTOR = YES;
				GCC_WARN_UNINITIALIZED_AUTOS = YES_AGGRESSIVE;
				GCC_WARN_UNUSED_FUNCTION = YES;
				GCC_WARN_UNUSED_VARIABLE = YES;
				IPHONEOS_DEPLOYMENT_TARGET = 10.0;
				MTL_ENABLE_DEBUG_INFO = NO;
				SDKROOT = iphoneos;
				SWIFT_OPTIMIZATION_LEVEL = "-Owholemodule";
				SWIFT_VERSION = 5.0;
				TARGETED_DEVICE_FAMILY = "1,2";
				VALIDATE_PRODUCT = YES;
			};
			name = Release;
		};
		2A1E77511F384BFD006C84D4 /* Debug */ = {
			isa = XCBuildConfiguration;
			baseConfigurationReference = 0B98A5500BC5CA7008619B29 /* Pods-Write_.debug.xcconfig */;
			buildSettings = {
				ASSETCATALOG_COMPILER_APPICON_NAME = AppIcon;
				CODE_SIGN_STYLE = Automatic;
				DEVELOPMENT_TEAM = 97857562T4;
				INFOPLIST_FILE = Write_/SupportingFiles/Info.plist;
				IPHONEOS_DEPLOYMENT_TARGET = 11.0;
				LD_RUNPATH_SEARCH_PATHS = "$(inherited) @executable_path/Frameworks";
				OTHER_SWIFT_FLAGS = "$(inherited) -Xfrontend -warn-long-expression-type-checking=500";
				PRODUCT_BUNDLE_IDENTIFIER = ru.personal.write;
				PRODUCT_NAME = Write;
				SWIFT_VERSION = 5.0;
				TARGETED_DEVICE_FAMILY = "1,2";
			};
			name = Debug;
		};
		2A1E77521F384BFD006C84D4 /* Release */ = {
			isa = XCBuildConfiguration;
			baseConfigurationReference = 0DE4FCB75E8FF80FC8745BD3 /* Pods-Write_.release.xcconfig */;
			buildSettings = {
				ASSETCATALOG_COMPILER_APPICON_NAME = AppIcon;
				CODE_SIGN_STYLE = Automatic;
				DEVELOPMENT_TEAM = 97857562T4;
				INFOPLIST_FILE = Write_/SupportingFiles/Info.plist;
				IPHONEOS_DEPLOYMENT_TARGET = 11.0;
				LD_RUNPATH_SEARCH_PATHS = "$(inherited) @executable_path/Frameworks";
				OTHER_SWIFT_FLAGS = "$(inherited)";
				PRODUCT_BUNDLE_IDENTIFIER = ru.personal.write;
				PRODUCT_NAME = Write;
				SWIFT_VERSION = 5.0;
				TARGETED_DEVICE_FAMILY = "1,2";
			};
			name = Release;
		};
		2A1E77541F384BFD006C84D4 /* Debug */ = {
			isa = XCBuildConfiguration;
			baseConfigurationReference = F95AFC8F321A33D261DFEFB7 /* Pods-Write_Tests.debug.xcconfig */;
			buildSettings = {
				ALWAYS_EMBED_SWIFT_STANDARD_LIBRARIES = YES;
				BUNDLE_LOADER = "$(TEST_HOST)";
				CLANG_ENABLE_MODULES = YES;
				CODE_SIGN_STYLE = Automatic;
				DEVELOPMENT_TEAM = 97857562T4;
				INFOPLIST_FILE = Write_Tests/Info.plist;
				LD_RUNPATH_SEARCH_PATHS = "$(inherited) @executable_path/Frameworks @loader_path/Frameworks";
				PRODUCT_BUNDLE_IDENTIFIER = "";
				PRODUCT_NAME = "$(TARGET_NAME)";
				SWIFT_OBJC_BRIDGING_HEADER = "Write_Tests/Write_Tests-Bridging-Header.h";
				SWIFT_OPTIMIZATION_LEVEL = "-Onone";
				SWIFT_VERSION = 5.0;
				TARGETED_DEVICE_FAMILY = "1,2";
				TEST_HOST = "$(BUILT_PRODUCTS_DIR)/Write_.app/Write_";
			};
			name = Debug;
		};
		2A1E77551F384BFD006C84D4 /* Release */ = {
			isa = XCBuildConfiguration;
			baseConfigurationReference = 9EEABC98013063C2AD19962D /* Pods-Write_Tests.release.xcconfig */;
			buildSettings = {
				ALWAYS_EMBED_SWIFT_STANDARD_LIBRARIES = YES;
				BUNDLE_LOADER = "$(TEST_HOST)";
				CLANG_ENABLE_MODULES = YES;
				CODE_SIGN_STYLE = Automatic;
				DEVELOPMENT_TEAM = 97857562T4;
				INFOPLIST_FILE = Write_Tests/Info.plist;
				LD_RUNPATH_SEARCH_PATHS = "$(inherited) @executable_path/Frameworks @loader_path/Frameworks";
				PRODUCT_BUNDLE_IDENTIFIER = "";
				PRODUCT_NAME = "$(TARGET_NAME)";
				SWIFT_OBJC_BRIDGING_HEADER = "Write_Tests/Write_Tests-Bridging-Header.h";
				SWIFT_VERSION = 5.0;
				TARGETED_DEVICE_FAMILY = "1,2";
				TEST_HOST = "$(BUILT_PRODUCTS_DIR)/Write_.app/Write_";
			};
			name = Release;
		};
		2ABEE6CF1F387C5D00531205 /* Staging */ = {
			isa = XCBuildConfiguration;
			buildSettings = {
				ALWAYS_SEARCH_USER_PATHS = NO;
				CLANG_ANALYZER_NONNULL = YES;
				CLANG_ANALYZER_NUMBER_OBJECT_CONVERSION = YES_AGGRESSIVE;
				CLANG_CXX_LANGUAGE_STANDARD = "gnu++14";
				CLANG_CXX_LIBRARY = "libc++";
				CLANG_ENABLE_MODULES = YES;
				CLANG_ENABLE_OBJC_ARC = YES;
				CLANG_WARN_BLOCK_CAPTURE_AUTORELEASING = YES;
				CLANG_WARN_BOOL_CONVERSION = YES;
				CLANG_WARN_COMMA = YES;
				CLANG_WARN_CONSTANT_CONVERSION = YES;
				CLANG_WARN_DEPRECATED_OBJC_IMPLEMENTATIONS = YES;
				CLANG_WARN_DIRECT_OBJC_ISA_USAGE = YES_ERROR;
				CLANG_WARN_DOCUMENTATION_COMMENTS = YES;
				CLANG_WARN_EMPTY_BODY = YES;
				CLANG_WARN_ENUM_CONVERSION = YES;
				CLANG_WARN_INFINITE_RECURSION = YES;
				CLANG_WARN_INT_CONVERSION = YES;
				CLANG_WARN_NON_LITERAL_NULL_CONVERSION = YES;
				CLANG_WARN_OBJC_IMPLICIT_RETAIN_SELF = YES;
				CLANG_WARN_OBJC_LITERAL_CONVERSION = YES;
				CLANG_WARN_OBJC_ROOT_CLASS = YES_ERROR;
				CLANG_WARN_RANGE_LOOP_ANALYSIS = YES;
				CLANG_WARN_STRICT_PROTOTYPES = YES;
				CLANG_WARN_SUSPICIOUS_MOVE = YES;
				CLANG_WARN_UNGUARDED_AVAILABILITY = YES_AGGRESSIVE;
				CLANG_WARN_UNREACHABLE_CODE = YES;
				CLANG_WARN__DUPLICATE_METHOD_MATCH = YES;
				CODE_SIGN_IDENTITY = "iPhone Developer";
				COPY_PHASE_STRIP = NO;
				DEBUG_INFORMATION_FORMAT = dwarf;
				ENABLE_STRICT_OBJC_MSGSEND = YES;
				ENABLE_TESTABILITY = YES;
				GCC_C_LANGUAGE_STANDARD = gnu11;
				GCC_DYNAMIC_NO_PIC = NO;
				GCC_NO_COMMON_BLOCKS = YES;
				GCC_WARN_64_TO_32_BIT_CONVERSION = YES;
				GCC_WARN_ABOUT_RETURN_TYPE = YES_ERROR;
				GCC_WARN_UNDECLARED_SELECTOR = YES;
				GCC_WARN_UNINITIALIZED_AUTOS = YES_AGGRESSIVE;
				GCC_WARN_UNUSED_FUNCTION = YES;
				GCC_WARN_UNUSED_VARIABLE = YES;
				IPHONEOS_DEPLOYMENT_TARGET = 10.0;
				MTL_ENABLE_DEBUG_INFO = YES;
				ONLY_ACTIVE_ARCH = YES;
				SDKROOT = iphoneos;
				SWIFT_ACTIVE_COMPILATION_CONDITIONS = DEBUG;
				SWIFT_OPTIMIZATION_LEVEL = "-Onone";
				SWIFT_VERSION = 5.0;
				TARGETED_DEVICE_FAMILY = "1,2";
			};
			name = Staging;
		};
		2ABEE6D01F387C5D00531205 /* Staging */ = {
			isa = XCBuildConfiguration;
			baseConfigurationReference = 4E5AACD13F9DB0BEEE388592 /* Pods-Write_.staging.xcconfig */;
			buildSettings = {
				ASSETCATALOG_COMPILER_APPICON_NAME = AppIcon;
				CODE_SIGN_STYLE = Automatic;
				DEVELOPMENT_TEAM = 97857562T4;
				INFOPLIST_FILE = Write_/SupportingFiles/Info.plist;
				IPHONEOS_DEPLOYMENT_TARGET = 11.0;
				LD_RUNPATH_SEARCH_PATHS = "$(inherited) @executable_path/Frameworks";
				OTHER_SWIFT_FLAGS = "$(inherited)";
				PRODUCT_BUNDLE_IDENTIFIER = ru.personal.write;
				PRODUCT_NAME = Write;
				SWIFT_VERSION = 5.0;
				TARGETED_DEVICE_FAMILY = "1,2";
			};
			name = Staging;
		};
		2ABEE6D11F387C5D00531205 /* Staging */ = {
			isa = XCBuildConfiguration;
			baseConfigurationReference = F938FFAF83EDFE824B8767A0 /* Pods-Write_Tests.staging.xcconfig */;
			buildSettings = {
				ALWAYS_EMBED_SWIFT_STANDARD_LIBRARIES = YES;
				BUNDLE_LOADER = "$(TEST_HOST)";
				CLANG_ENABLE_MODULES = YES;
				CODE_SIGN_STYLE = Automatic;
				DEVELOPMENT_TEAM = 97857562T4;
				INFOPLIST_FILE = Write_Tests/Info.plist;
				LD_RUNPATH_SEARCH_PATHS = "$(inherited) @executable_path/Frameworks @loader_path/Frameworks";
				PRODUCT_BUNDLE_IDENTIFIER = "";
				PRODUCT_NAME = "$(TARGET_NAME)";
				SWIFT_OBJC_BRIDGING_HEADER = "Write_Tests/Write_Tests-Bridging-Header.h";
				SWIFT_OPTIMIZATION_LEVEL = "-Onone";
				SWIFT_VERSION = 5.0;
				TARGETED_DEVICE_FAMILY = "1,2";
				TEST_HOST = "$(BUILT_PRODUCTS_DIR)/Write_.app/Write_";
			};
			name = Staging;
		};
/* End XCBuildConfiguration section */

/* Begin XCConfigurationList section */
		2A1E772E1F384BFC006C84D4 /* Build configuration list for PBXProject "Write_" */ = {
			isa = XCConfigurationList;
			buildConfigurations = (
				2A1E774E1F384BFD006C84D4 /* Debug */,
				2ABEE6CF1F387C5D00531205 /* Staging */,
				2A1E774F1F384BFD006C84D4 /* Release */,
			);
			defaultConfigurationIsVisible = 0;
			defaultConfigurationName = Release;
		};
		2A1E77501F384BFD006C84D4 /* Build configuration list for PBXNativeTarget "Write_" */ = {
			isa = XCConfigurationList;
			buildConfigurations = (
				2A1E77511F384BFD006C84D4 /* Debug */,
				2ABEE6D01F387C5D00531205 /* Staging */,
				2A1E77521F384BFD006C84D4 /* Release */,
			);
			defaultConfigurationIsVisible = 0;
			defaultConfigurationName = Release;
		};
		2A1E77531F384BFD006C84D4 /* Build configuration list for PBXNativeTarget "Write_Tests" */ = {
			isa = XCConfigurationList;
			buildConfigurations = (
				2A1E77541F384BFD006C84D4 /* Debug */,
				2ABEE6D11F387C5D00531205 /* Staging */,
				2A1E77551F384BFD006C84D4 /* Release */,
			);
			defaultConfigurationIsVisible = 0;
			defaultConfigurationName = Release;
		};
/* End XCConfigurationList section */
	};
	rootObject = 2A1E772B1F384BFC006C84D4 /* Project object */;
}
